{
  "meteor": {},
  "dependencies": {
    "basePackages": {
      "bootstrap-3": {},
      "moment": {},
      "twilio-meteor": {},
      "iron-router": {},
      "server-deps": {},
      "reactive-publish": {}
    },
    "packages": {
      "bootstrap-3": {
        "git": "https://github.com/mangasocial/meteor-bootstrap-3.git",
        "tag": "v3.1.0-1",
        "commit": "329dccb08bfc18c635676dea600ac9953162cda9"
      },
      "moment": {
        "git": "https://github.com/acreeger/meteor-moment.git",
        "tag": "v2.5.1",
        "commit": "8c9bc5d3fc96705057737cb9743d555417f6e551"
      },
      "twilio-meteor": {
        "git": "https://github.com/andreioprisan/twilio-meteor.git",
        "tag": "v1.1.0",
        "commit": "7f36ec52fc334caf8b740320524df62afce890e1"
      },
      "iron-router": {
        "git": "https://github.com/EventedMind/iron-router.git",
        "tag": "v0.6.2",
        "commit": "ce56e58b45624dce992490f3a1c10f10d3948bae"
      },
      "server-deps": {
        "git": "https://github.com/Diggsey/meteor-server-deps.git",
        "tag": "v0.1.2",
        "commit": "2db5d15fad9240723549cbbc5260a74b6b7e1c61"
      },
      "reactive-publish": {
        "git": "https://github.com/Diggsey/meteor-reactive-publish.git",
        "tag": "v0.1.3",
        "commit": "4b523f6ccedecdcbca443e457dbb43fffa5f7dbc"
      }
    }
  }
}
